{
  "R": {
    "Version": "4.0.0",
    "Repositories": [
      {
        "Name": "CRAN",
        "URL": "https://cran.rstudio.com"
      }
    ]
  },
  "Packages": {
    "AER": {
      "Package": "AER",
      "Version": "1.2-9",
      "Source": "Repository",
      "Repository": "CRAN",
      "Hash": "dccc3a89c739957286953821f9bcd971"
    },
    "AICcmodavg": {
      "Package": "AICcmodavg",
      "Version": "2.3-1",
      "Source": "Repository",
      "Repository": "CRAN",
      "Hash": "6142bb2ebc5c663816b9f88b09d8be07"
    },
    "BBmisc": {
      "Package": "BBmisc",
      "Version": "1.11",
      "Source": "Repository",
      "Repository": "CRAN",
      "Hash": "b2ff0878d07259998cd84d739a83b3d9"
    },
    "BH": {
      "Package": "BH",
      "Version": "1.75.0-0",
      "Source": "Repository",
      "Repository": "CRAN",
      "Hash": "e4c04affc2cac20c8fec18385cd14691"
    },
    "DAMisc": {
      "Package": "DAMisc",
      "Version": "1.6.2",
      "Source": "Repository",
      "Repository": "CRAN",
      "Hash": "bc168db6526e0dd524831b374dfad0eb"
    },
    "DBI": {
      "Package": "DBI",
      "Version": "1.1.1",
      "Source": "Repository",
      "Repository": "CRAN",
      "Hash": "030aaec5bc6553f35347cbb1e70b1a17"
    },
    "DT": {
      "Package": "DT",
      "Version": "0.17",
      "Source": "Repository",
      "Repository": "CRAN",
      "Hash": "56b33b77f4cffd78ff96b8e5a69eabb0"
    },
    "Formula": {
      "Package": "Formula",
      "Version": "1.2-4",
      "Source": "Repository",
      "Repository": "CRAN",
      "Hash": "cc8c8c4d61346cde1ca60030ff9c241f"
    },
    "MASS": {
      "Package": "MASS",
      "Version": "7.3-53.1",
      "Source": "Repository",
      "Repository": "CRAN",
      "Hash": "4ef21dd0348b9abb7f8bd1d77e4cd0c3"
    },
    "Matrix": {
      "Package": "Matrix",
      "Version": "1.3-2",
      "Source": "Repository",
      "Repository": "CRAN",
      "Hash": "ff280503079ad8623d3c4b1519b24ea2"
    },
    "MatrixModels": {
      "Package": "MatrixModels",
      "Version": "0.5-0",
      "Source": "Repository",
      "Repository": "CRAN",
      "Hash": "366a8838782928e398b8762c932a42a3"
    },
    "ParamHelpers": {
      "Package": "ParamHelpers",
      "Version": "1.14",
      "Source": "Repository",
      "Repository": "CRAN",
      "Hash": "0feaa54a0bcf59d72eb758da748e0904"
    },
    "R6": {
      "Package": "R6",
      "Version": "2.5.0",
      "Source": "Repository",
      "Repository": "CRAN",
      "Hash": "b203113193e70978a696b2809525649d"
    },
    "RColorBrewer": {
      "Package": "RColorBrewer",
      "Version": "1.1-2",
      "Source": "Repository",
      "Repository": "CRAN",
      "Hash": "e031418365a7f7a766181ab5a41a5716"
    },
    "Rcpp": {
      "Package": "Rcpp",
      "Version": "1.0.6",
      "Source": "Repository",
      "Repository": "CRAN",
      "Hash": "dbb5e436998a7eba5a9d682060533338"
    },
    "RcppArmadillo": {
      "Package": "RcppArmadillo",
      "Version": "0.10.2.2.0",
      "Source": "Repository",
      "Repository": "CRAN",
      "Hash": "8772b10276b4b4a3dfaa5043f9ad94f8"
    },
    "RcppEigen": {
      "Package": "RcppEigen",
      "Version": "0.3.3.9.1",
      "Source": "Repository",
      "Repository": "CRAN",
      "Hash": "ddfa72a87fdf4c80466a20818be91d00"
    },
    "RcppParallel": {
      "Package": "RcppParallel",
      "Version": "5.0.3",
      "Source": "Repository",
      "Repository": "CRAN",
      "Hash": "157a1155dc1bdbb6aba8dad88c9ef460"
    },
    "Rdpack": {
      "Package": "Rdpack",
      "Version": "2.1.1",
      "Source": "Repository",
      "Repository": "CRAN",
      "Hash": "a04afc4865a491a4c89b29a5d74d09e9"
    },
    "SparseM": {
      "Package": "SparseM",
      "Version": "1.81",
      "Source": "Repository",
      "Repository": "CRAN",
      "Hash": "2042cd9759cc89a453c4aefef0ce9aae"
    },
    "StanHeaders": {
      "Package": "StanHeaders",
      "Version": "2.21.0-7",
      "Source": "Repository",
      "Repository": "CRAN",
      "Hash": "0459d4dd7a8c239be18469a30c23dd4b"
    },
    "V8": {
      "Package": "V8",
      "Version": "3.4.0",
      "Source": "Repository",
      "Repository": "CRAN",
      "Hash": "8c5e8c58ff4fc8dfc67e24985005159b"
    },
    "VGAM": {
      "Package": "VGAM",
      "Version": "1.1-5",
      "Source": "Repository",
      "Repository": "CRAN",
      "Hash": "457a2a08a76cc33cb5510c94d2006e02"
    },
    "XML": {
      "Package": "XML",
      "Version": "3.99-0.6",
      "Source": "Repository",
      "Repository": "CRAN",
      "Hash": "59b7d0a3d18303ae30ba1246e77faa83"
    },
    "abind": {
      "Package": "abind",
      "Version": "1.4-5",
      "Source": "Repository",
      "Repository": "CRAN",
      "Hash": "4f57884290cc75ab22f4af9e9d4ca862"
    },
    "assertthat": {
      "Package": "assertthat",
      "Version": "0.2.1",
      "Source": "Repository",
      "Repository": "CRAN",
      "Hash": "50c838a310445e954bc13f26f26a6ecf"
    },
    "backports": {
      "Package": "backports",
      "Version": "1.2.1",
      "Source": "Repository",
      "Repository": "CRAN",
      "Hash": "644043219fc24e190c2f620c1a380a69"
    },
    "base64enc": {
      "Package": "base64enc",
      "Version": "0.1-3",
      "Source": "Repository",
      "Repository": "CRAN",
      "Hash": "543776ae6848fde2f48ff3816d0628bc"
    },
    "boot": {
      "Package": "boot",
      "Version": "1.3-27",
      "Source": "Repository",
      "Repository": "CRAN",
      "Hash": "d9778c960792721e8433daaf3db8f16a"
    },
    "brant": {
      "Package": "brant",
      "Version": "0.3-0",
      "Source": "Repository",
      "Repository": "CRAN",
      "Hash": "8410016a8e98e8a5229efca61b4dedcd"
    },
    "broom": {
      "Package": "broom",
      "Version": "0.7.5",
      "Source": "Repository",
      "Repository": "CRAN",
      "Hash": "d5ab8846336cfb2e3c17e5a806eb3045"
    },
    "callr": {
      "Package": "callr",
      "Version": "3.5.1",
      "Source": "Repository",
      "Repository": "CRAN",
      "Hash": "b7d7f1e926dfcd57c74ce93f5c048e80"
    },
    "car": {
      "Package": "car",
      "Version": "3.0-10",
      "Source": "Repository",
      "Repository": "CRAN",
      "Hash": "12d8cdaf73c30b8c8cb7a22591a3f57d"
    },
    "carData": {
      "Package": "carData",
      "Version": "3.0-4",
      "Source": "Repository",
      "Repository": "CRAN",
      "Hash": "7ff5c94cec207b3fd9774cfaa5157738"
    },
    "cellranger": {
      "Package": "cellranger",
      "Version": "1.1.0",
      "Source": "Repository",
      "Repository": "CRAN",
      "Hash": "f61dbaec772ccd2e17705c1e872e9e7c"
    },
    "checkmate": {
      "Package": "checkmate",
      "Version": "2.0.0",
      "Source": "Repository",
      "Repository": "CRAN",
      "Hash": "a667800d5f0350371bedeb8b8b950289"
    },
    "clarkeTest": {
      "Package": "clarkeTest",
      "Version": "0.1.0",
      "Source": "Repository",
      "Repository": "CRAN",
      "Hash": "6880b90506e664f12921b7a7073fc494"
    },
    "cli": {
      "Package": "cli",
      "Version": "2.3.1",
      "Source": "Repository",
      "Repository": "CRAN",
      "Hash": "3e3f28efcadfda442cd18651fbcbbecf"
    },
    "clipr": {
      "Package": "clipr",
      "Version": "0.7.1",
      "Source": "Repository",
      "Repository": "CRAN",
      "Hash": "ebaa97ac99cc2daf04e77eecc7b781d7"
    },
    "coda": {
      "Package": "coda",
      "Version": "0.19-4",
      "Source": "Repository",
      "Repository": "CRAN",
      "Hash": "24b6d006b8b2343876cf230687546932"
    },
    "colorspace": {
      "Package": "colorspace",
      "Version": "2.0-0",
      "Source": "Repository",
      "Repository": "CRAN",
      "Hash": "abea3384649ef37f60ef51ce002f3547"
    },
    "conquer": {
      "Package": "conquer",
      "Version": "1.0.2",
      "Source": "Repository",
      "Repository": "CRAN",
      "Hash": "a31720f692920e635ecef0481d478247"
    },
    "cpp11": {
      "Package": "cpp11",
      "Version": "0.2.6",
      "Source": "Repository",
      "Repository": "CRAN",
      "Hash": "f08909ebdad90b19d8d3930da4220564"
    },
    "crayon": {
      "Package": "crayon",
      "Version": "1.4.1",
      "Source": "Repository",
      "Repository": "CRAN",
      "Hash": "e75525c55c70e5f4f78c9960a4b402e9"
    },
    "crosstalk": {
      "Package": "crosstalk",
      "Version": "1.1.1",
      "Source": "Repository",
      "Repository": "CRAN",
      "Hash": "2b06f9e415a62b6762e4b8098d2aecbc"
    },
    "curl": {
      "Package": "curl",
      "Version": "4.3",
      "Source": "Repository",
      "Repository": "CRAN",
      "Hash": "2b7d10581cc730804e9ed178c8374bd6"
    },
    "data.table": {
      "Package": "data.table",
      "Version": "1.14.0",
      "Source": "Repository",
      "Repository": "CRAN",
      "Hash": "d1b8b1a821ee564a3515fa6c6d5c52dc"
    },
    "desc": {
      "Package": "desc",
      "Version": "1.3.0",
      "Source": "Repository",
      "Repository": "CRAN",
      "Hash": "b6963166f7f10b970af1006c462ce6cd"
    },
    "dfidx": {
      "Package": "dfidx",
      "Version": "0.0-4",
      "Source": "Repository",
      "Repository": "CRAN",
      "Hash": "2f4a62f66732d0efdc6f920d367cba07"
    },
    "digest": {
      "Package": "digest",
      "Version": "0.6.27",
      "Source": "Repository",
      "Repository": "CRAN",
      "Hash": "a0cbe758a531d054b537d16dff4d58a1"
    },
    "dplyr": {
      "Package": "dplyr",
      "Version": "1.0.5",
      "Source": "Repository",
      "Repository": "CRAN",
      "Hash": "d0d76c11ec807eb3f000eba4e3eb0f68"
    },
    "effects": {
      "Package": "effects",
      "Version": "4.2-0",
      "Source": "Repository",
      "Repository": "CRAN",
      "Hash": "5d6aa3605f4987fe3d3228d40cdd9c89"
    },
    "ellipsis": {
      "Package": "ellipsis",
      "Version": "0.3.1",
      "Source": "Repository",
      "Repository": "CRAN",
      "Hash": "fd2844b3a43ae2d27e70ece2df1b4e2a"
    },
    "estimability": {
      "Package": "estimability",
      "Version": "1.3",
      "Source": "Repository",
      "Repository": "CRAN",
      "Hash": "05901bd61be60fd3bfc5b7d7c3517d1d"
    },
    "evaluate": {
      "Package": "evaluate",
      "Version": "0.14",
      "Source": "Repository",
      "Repository": "CRAN",
      "Hash": "ec8ca05cffcc70569eaaad8469d2a3a7"
    },
    "fansi": {
      "Package": "fansi",
      "Version": "0.4.2",
      "Source": "Repository",
      "Repository": "CRAN",
      "Hash": "fea074fb67fe4c25d47ad09087da847d"
    },
    "farver": {
      "Package": "farver",
      "Version": "2.1.0",
      "Source": "Repository",
      "Repository": "CRAN",
      "Hash": "c98eb5133d9cb9e1622b8691487f11bb"
    },
    "fastmatch": {
      "Package": "fastmatch",
      "Version": "1.1-0",
      "Source": "Repository",
      "Repository": "CRAN",
      "Hash": "2cfe25650d69960c54e06840e4b5d8e4"
    },
    "forcats": {
      "Package": "forcats",
      "Version": "0.5.1",
      "Source": "Repository",
      "Repository": "CRAN",
      "Hash": "81c3244cab67468aac4c60550832655d"
    },
    "foreign": {
      "Package": "foreign",
      "Version": "0.8-81",
      "Source": "Repository",
      "Repository": "CRAN",
      "Hash": "74628ea7a3be5ee8a7b5bb0a8e84882e"
    },
    "gamlss": {
      "Package": "gamlss",
      "Version": "5.3-2",
      "Source": "Repository",
      "Repository": "CRAN",
      "Hash": "3f5e8cae6c631a7ec5b713c5c409c4e5"
    },
    "gamlss.data": {
      "Package": "gamlss.data",
      "Version": "6.0-1",
      "Source": "Repository",
      "Repository": "CRAN",
      "Hash": "7e9157d7b143ef367921474a831f7e94"
    },
    "gamlss.dist": {
      "Package": "gamlss.dist",
      "Version": "5.3-2",
      "Source": "Repository",
      "Repository": "CRAN",
      "Hash": "d43ed3efbe257eb4c331cc00b985d616"
    },
    "generics": {
      "Package": "generics",
      "Version": "0.1.0",
      "Source": "Repository",
      "Repository": "CRAN",
      "Hash": "4d243a9c10b00589889fe32314ffd902"
    },
    "ggcorrplot": {
      "Package": "ggcorrplot",
      "Version": "0.1.3",
      "Source": "Repository",
      "Repository": "CRAN",
      "Hash": "5d6f67b947e0962cf93208f139acd475"
    },
    "ggfortify": {
      "Package": "ggfortify",
      "Version": "0.4.11",
      "Source": "Repository",
      "Repository": "CRAN",
      "Hash": "16fde1490c7a356c847ee561b96b6572"
    },
    "ggplot2": {
      "Package": "ggplot2",
      "Version": "3.3.3",
      "Source": "Repository",
      "Repository": "CRAN",
      "Hash": "3eb6477d01eb5bbdc03f7d5f70f2733e"
    },
    "glue": {
      "Package": "glue",
      "Version": "1.4.2",
      "Source": "Repository",
      "Repository": "CRAN",
      "Hash": "6efd734b14c6471cfe443345f3e35e29"
    },
    "gridExtra": {
      "Package": "gridExtra",
      "Version": "2.3",
      "Source": "Repository",
      "Repository": "CRAN",
      "Hash": "7d7f283939f563670a697165b2cf5560"
    },
    "gtable": {
      "Package": "gtable",
      "Version": "0.3.0",
      "Source": "Repository",
      "Repository": "CRAN",
      "Hash": "ac5c6baf7822ce8732b343f14c072c4d"
    },
    "haven": {
      "Package": "haven",
      "Version": "2.3.1",
      "Source": "Repository",
      "Repository": "CRAN",
      "Hash": "221d0ad75dfa03ebf17b1a4cc5c31dfc"
    },
    "here": {
      "Package": "here",
      "Version": "1.0.1",
      "Source": "Repository",
      "Repository": "CRAN",
      "Hash": "24b224366f9c2e7534d2344d10d59211"
    },
    "highr": {
      "Package": "highr",
      "Version": "0.8",
      "Source": "Repository",
      "Repository": "CRAN",
      "Hash": "4dc5bb88961e347a0f4d8aad597cbfac"
    },
    "hms": {
      "Package": "hms",
      "Version": "1.0.0",
      "Source": "Repository",
      "Repository": "CRAN",
      "Hash": "bf552cdd96f5969873afdac7311c7d0d"
    },
    "htmltools": {
      "Package": "htmltools",
      "Version": "0.5.1.1",
      "Source": "Repository",
      "Repository": "CRAN",
      "Hash": "af2c2531e55df5cf230c4b5444fc973c"
    },
    "htmlwidgets": {
      "Package": "htmlwidgets",
      "Version": "1.5.3",
      "Source": "Repository",
      "Repository": "CRAN",
      "Hash": "6fdaa86d0700f8b3e92ee3c445a5a10d"
    },
    "inline": {
      "Package": "inline",
      "Version": "0.3.17",
      "Source": "Repository",
      "Repository": "CRAN",
      "Hash": "c34d7560557eb0b2e1040fc690534049"
    },
    "insight": {
      "Package": "insight",
      "Version": "0.13.1",
      "Source": "Repository",
      "Repository": "CRAN",
      "Hash": "760aa931fbe6866828626d0561250554"
    },
    "isoband": {
      "Package": "isoband",
      "Version": "0.2.4",
      "Source": "Repository",
      "Repository": "CRAN",
      "Hash": "b2008df40fb297e3fef135c7e8eeec1a"
    },
    "janitor": {
      "Package": "janitor",
      "Version": "2.1.0",
      "Source": "Repository",
      "Repository": "CRAN",
      "Hash": "6de84a8c67fb247e721166049c84695f"
    },
    "jpeg": {
      "Package": "jpeg",
      "Version": "0.1-8.1",
      "Source": "Repository",
      "Repository": "CRAN",
      "Hash": "bc316c003aba520fc73d70ad53b5fc36"
    },
    "jsonlite": {
      "Package": "jsonlite",
      "Version": "1.7.2",
      "Source": "Repository",
      "Repository": "CRAN",
      "Hash": "98138e0994d41508c7a6b84a0600cfcb"
    },
    "jtools": {
      "Package": "jtools",
      "Version": "2.1.3",
      "Source": "Repository",
      "Repository": "CRAN",
      "Hash": "7879292dc2592b165a78e341c756ba45"
    },
    "knitr": {
      "Package": "knitr",
      "Version": "1.31",
      "Source": "Repository",
      "Repository": "CRAN",
      "Hash": "c3994c036d19fc22c5e2a209c8298bfb"
    },
    "labeling": {
      "Package": "labeling",
      "Version": "0.4.2",
      "Source": "Repository",
      "Repository": "CRAN",
      "Hash": "3d5108641f47470611a32d0bdf357a72"
    },
    "later": {
      "Package": "later",
      "Version": "1.1.0.1",
      "Source": "Repository",
      "Repository": "CRAN",
      "Hash": "d0a62b247165aabf397fded504660d8a"
    },
    "lattice": {
      "Package": "lattice",
      "Version": "0.20-41",
      "Source": "Repository",
      "Repository": "CRAN",
      "Hash": "fbd9285028b0263d76d18c95ae51a53d"
    },
    "latticeExtra": {
      "Package": "latticeExtra",
      "Version": "0.6-29",
      "Source": "Repository",
      "Repository": "CRAN",
      "Hash": "590829599d6182cf7461787af34666ee"
    },
    "lazyeval": {
      "Package": "lazyeval",
      "Version": "0.2.2",
      "Source": "Repository",
      "Repository": "CRAN",
      "Hash": "d908914ae53b04d4c0c0fd72ecc35370"
    },
    "lifecycle": {
      "Package": "lifecycle",
      "Version": "1.0.0",
      "Source": "Repository",
      "Repository": "CRAN",
      "Hash": "3471fb65971f1a7b2d4ae7848cf2db8d"
    },
    "lme4": {
      "Package": "lme4",
      "Version": "1.1-26",
      "Source": "Repository",
      "Repository": "CRAN",
      "Hash": "5f2466f5127e0ce67e44bb381387eeca"
    },
    "lmtest": {
      "Package": "lmtest",
      "Version": "0.9-38",
      "Source": "Repository",
      "Repository": "CRAN",
      "Hash": "b0edacc02f7a3dad41a1afc385e929f4"
    },
    "loo": {
      "Package": "loo",
      "Version": "2.4.1",
      "Source": "Repository",
      "Repository": "CRAN",
      "Hash": "cb08bd08c899e7d68661714d699c42e4"
    },
    "lubridate": {
      "Package": "lubridate",
      "Version": "1.7.10",
      "Source": "Repository",
      "Repository": "CRAN",
      "Hash": "1ebfdc8a3cfe8fe19184f5481972b092"
    },
    "magrittr": {
      "Package": "magrittr",
      "Version": "2.0.1",
      "Source": "Repository",
      "Repository": "CRAN",
      "Hash": "41287f1ac7d28a92f0a286ed507928d3"
    },
    "maptools": {
      "Package": "maptools",
      "Version": "1.1-1",
      "Source": "Repository",
      "Repository": "CRAN",
      "Hash": "beef5712326b384b1e87ba10c01e18f5"
    },
    "markdown": {
      "Package": "markdown",
      "Version": "1.1",
      "Source": "Repository",
      "Repository": "CRAN",
      "Hash": "61e4a10781dd00d7d81dd06ca9b94e95"
    },
    "matrixStats": {
      "Package": "matrixStats",
      "Version": "0.58.0",
      "Source": "Repository",
      "Repository": "CRAN",
      "Hash": "c318d148056e5bb8d7de79b0876f9ae6"
    },
    "maxLik": {
      "Package": "maxLik",
      "Version": "1.4-8",
      "Source": "Repository",
      "Repository": "CRAN",
      "Hash": "86dd402728e96ac53f6e3d28c210103b"
    },
    "mgcv": {
      "Package": "mgcv",
      "Version": "1.8-34",
      "Source": "Repository",
      "Repository": "CRAN",
      "Hash": "bd4a6c4b600f58651d60d381b0e9a397"
    },
    "mime": {
      "Package": "mime",
      "Version": "0.10",
      "Source": "Repository",
      "Repository": "CRAN",
      "Hash": "26fa77e707223e1ce042b2b5d09993dc"
    },
    "minqa": {
      "Package": "minqa",
      "Version": "1.2.4",
      "Source": "Repository",
      "Repository": "CRAN",
      "Hash": "eaee7d2a6f3ed4491df868611cb064cc"
    },
    "miscTools": {
      "Package": "miscTools",
      "Version": "0.6-26",
      "Source": "Repository",
      "Repository": "CRAN",
      "Hash": "340f0789cb2dcc816d9856d375c1df83"
    },
    "mitools": {
      "Package": "mitools",
      "Version": "2.4",
      "Source": "Repository",
      "Repository": "CRAN",
      "Hash": "a4b659bd0528226724d55034f11ed7cb"
    },
    "mlogit": {
      "Package": "mlogit",
      "Version": "1.1-1",
      "Source": "Repository",
      "Repository": "CRAN",
      "Hash": "314e016755f75f0a6f1ba91ac7b0441a"
    },
    "mlr": {
      "Package": "mlr",
      "Version": "2.19.0",
      "Source": "Repository",
      "Repository": "CRAN",
      "Hash": "cf4429d0d8bb3c06fe8b07eb85ffead9"
    },
    "mnlogit": {
      "Package": "mnlogit",
      "Version": "1.2.6",
      "Source": "Repository",
      "Repository": "CRAN",
      "Hash": "92ed6535532f79a072d69d16bed7e6b5"
    },
    "munsell": {
      "Package": "munsell",
      "Version": "0.5.0",
      "Source": "Repository",
      "Repository": "CRAN",
      "Hash": "6dfe8bf774944bd5595785e3229d8771"
    },
    "nlme": {
      "Package": "nlme",
      "Version": "3.1-152",
      "Source": "Repository",
      "Repository": "CRAN",
      "Hash": "35de1ce639f20b5e10f7f46260730c65"
    },
    "nloptr": {
      "Package": "nloptr",
      "Version": "1.2.2.2",
      "Source": "Repository",
      "Repository": "CRAN",
      "Hash": "2737faeee353704efec5afa1e943dd64"
    },
    "nnet": {
      "Package": "nnet",
      "Version": "7.3-15",
      "Source": "Repository",
      "Repository": "CRAN",
      "Hash": "b67ac021b3fb3a4b69d0d3c2bc049e9f"
    },
    "numDeriv": {
      "Package": "numDeriv",
      "Version": "2016.8-1.1",
      "Source": "Repository",
      "Repository": "CRAN",
      "Hash": "df58958f293b166e4ab885ebcad90e02"
    },
    "oglmx": {
      "Package": "oglmx",
      "Version": "3.0.0.0",
      "Source": "Repository",
      "Repository": "CRAN",
      "Hash": "f5be6187c01c9bb3d22e3913c19f83a6"
    },
    "openxlsx": {
      "Package": "openxlsx",
      "Version": "4.2.3",
      "Source": "Repository",
      "Repository": "CRAN",
      "Hash": "2253a430965e222d11a2f9277cd34c2e"
    },
    "optiscale": {
      "Package": "optiscale",
      "Version": "1.2.2",
      "Source": "Repository",
      "Repository": "CRAN",
      "Hash": "4acd8f92e82579e55a8155d4ff411c10"
    },
    "ordinal": {
      "Package": "ordinal",
      "Version": "2019.12-10",
      "Source": "Repository",
      "Repository": "CRAN",
      "Hash": "62e921c39cffbf990a6d8266c35b2f93"
    },
    "pander": {
      "Package": "pander",
      "Version": "0.6.3",
      "Source": "Repository",
      "Repository": "CRAN",
      "Hash": "121198ce37b5a6b5227edc5a38223da4"
    },
    "parallelMap": {
      "Package": "parallelMap",
      "Version": "1.5.0",
      "Source": "Repository",
      "Repository": "CRAN",
      "Hash": "7208dcf5492a90fe7f5faaee92323cc7"
    },
    "pbkrtest": {
      "Package": "pbkrtest",
      "Version": "0.5.1",
      "Source": "Repository",
      "Repository": "CRAN",
      "Hash": "b304ff5955f37b48bd30518faf582929"
    },
    "pillar": {
      "Package": "pillar",
      "Version": "1.5.1",
      "Source": "Repository",
      "Repository": "CRAN",
      "Hash": "24622aa4a0d3de3463c34513edca99b2"
    },
    "pkgbuild": {
      "Package": "pkgbuild",
      "Version": "1.2.0",
      "Source": "Repository",
      "Repository": "CRAN",
      "Hash": "725fcc30222d4d11ec68efb8ff11a9af"
    },
    "pkgconfig": {
      "Package": "pkgconfig",
      "Version": "2.0.3",
      "Source": "Repository",
      "Repository": "CRAN",
      "Hash": "01f28d4278f15c76cddbea05899c5d6f"
    },
    "plyr": {
      "Package": "plyr",
      "Version": "1.8.6",
      "Source": "Repository",
      "Repository": "CRAN",
      "Hash": "ec0e5ab4e5f851f6ef32cd1d1984957f"
    },
    "png": {
      "Package": "png",
      "Version": "0.1-7",
      "Source": "Repository",
      "Repository": "CRAN",
      "Hash": "03b7076c234cb3331288919983326c55"
    },
    "prettyunits": {
      "Package": "prettyunits",
      "Version": "1.1.1",
      "Source": "Repository",
      "Repository": "CRAN",
      "Hash": "95ef9167b75dde9d2ccc3c7528393e7e"
    },
    "processx": {
      "Package": "processx",
      "Version": "3.5.0",
      "Source": "Repository",
      "Repository": "CRAN",
      "Hash": "605f57cffff369dabc0b6c344e9b4492"
    },
    "progress": {
      "Package": "progress",
      "Version": "1.2.2",
      "Source": "Repository",
      "Repository": "CRAN",
      "Hash": "14dc9f7a3c91ebb14ec5bb9208a07061"
    },
    "promises": {
      "Package": "promises",
      "Version": "1.2.0.1",
      "Source": "Repository",
      "Repository": "CRAN",
      "Hash": "4ab2c43adb4d4699cf3690acd378d75d"
    },
    "ps": {
      "Package": "ps",
      "Version": "1.6.0",
      "Source": "Repository",
      "Repository": "CRAN",
      "Hash": "32620e2001c1dce1af49c49dccbb9420"
    },
    "pscl": {
      "Package": "pscl",
      "Version": "1.5.5",
      "Source": "Repository",
      "Repository": "CRAN",
      "Hash": "c55158537b8c4754a8c3de3382f1a659"
    },
    "purrr": {
      "Package": "purrr",
      "Version": "0.3.4",
      "Source": "Repository",
      "Repository": "CRAN",
      "Hash": "97def703420c8ab10d8f0e6c72101e02"
    },
    "quantreg": {
      "Package": "quantreg",
      "Version": "5.85",
      "Source": "Repository",
      "Repository": "CRAN",
      "Hash": "d41a5849071941c6c269b57324515398"
    },
    "raster": {
      "Package": "raster",
      "Version": "3.4-5",
      "Source": "Repository",
      "Repository": "CRAN",
      "Hash": "a3ded548110163cf499d63c3932dd499"
    },
    "rbibutils": {
      "Package": "rbibutils",
      "Version": "2.0",
      "Source": "Repository",
      "Repository": "CRAN",
      "Hash": "7d9d967e4064739de11e50b108c1b894"
    },
    "readr": {
      "Package": "readr",
      "Version": "1.4.0",
      "Source": "Repository",
      "Repository": "CRAN",
      "Hash": "2639976851f71f330264a9c9c3d43a61"
    },
    "readxl": {
      "Package": "readxl",
      "Version": "1.3.1",
      "Source": "Repository",
      "Repository": "CRAN",
      "Hash": "63537c483c2dbec8d9e3183b3735254a"
    },
    "reghelper": {
      "Package": "reghelper",
      "Version": "1.0.2",
      "Source": "Repository",
      "Repository": "CRAN",
      "Hash": "774d665fe9002ec2829e20d96c109a36"
    },
    "rematch": {
      "Package": "rematch",
      "Version": "1.0.1",
      "Source": "Repository",
      "Repository": "CRAN",
      "Hash": "c66b930d20bb6d858cd18e1cebcfae5c"
    },
    "renv": {
      "Package": "renv",
      "Version": "0.13.1",
      "Source": "Repository",
      "Repository": "CRAN",
      "Hash": "be02499761baab60d58b808efd08c3fc"
    },
    "reshape2": {
      "Package": "reshape2",
      "Version": "1.4.4",
      "Source": "Repository",
      "Repository": "CRAN",
      "Hash": "bb5996d0bd962d214a11140d77589917"
    },
    "rio": {
      "Package": "rio",
      "Version": "0.5.26",
      "Source": "Repository",
      "Repository": "CRAN",
      "Hash": "a83d5939c0e7478cdf53da1da16eaedc"
    },
    "rlang": {
      "Package": "rlang",
      "Version": "0.4.10",
      "Source": "Repository",
      "Repository": "CRAN",
      "Hash": "599df23c40a4fce9c7b4764f28c37857"
    },
    "rmarkdown": {
      "Package": "rmarkdown",
      "Version": "2.7",
      "Source": "Repository",
      "Repository": "CRAN",
      "Hash": "edbf4cb1aefae783fd8d3a008ae51943"
    },
    "rprojroot": {
      "Package": "rprojroot",
      "Version": "2.0.2",
      "Source": "Repository",
      "Repository": "CRAN",
      "Hash": "249d8cd1e74a8f6a26194a91b47f21d1"
    },
    "rstan": {
      "Package": "rstan",
      "Version": "2.21.2",
      "Source": "Repository",
      "Repository": "CRAN",
      "Hash": "52772d81aa532a6331fd535701882c12"
    },
    "sandwich": {
      "Package": "sandwich",
      "Version": "3.0-0",
      "Source": "Repository",
      "Repository": "CRAN",
      "Hash": "10994501b2ed2262168cae1556b29168"
    },
    "scales": {
      "Package": "scales",
      "Version": "1.1.1",
      "Source": "Repository",
      "Repository": "CRAN",
      "Hash": "6f76f71042411426ec8df6c54f34e6dd"
    },
    "sjlabelled": {
      "Package": "sjlabelled",
      "Version": "1.1.7",
      "Source": "Repository",
      "Repository": "CRAN",
      "Hash": "b60c3daa2a30df836c12a8e903cca595"
    },
    "snakecase": {
      "Package": "snakecase",
      "Version": "0.11.0",
      "Source": "Repository",
      "Repository": "CRAN",
      "Hash": "4079070fc210c7901c0832a3aeab894f"
    },
    "sp": {
      "Package": "sp",
      "Version": "1.4-5",
      "Source": "Repository",
      "Repository": "CRAN",
      "Hash": "dfd843ee98246cf932823acf613b05dd"
    },
    "statmod": {
      "Package": "statmod",
      "Version": "1.4.35",
      "Source": "Repository",
      "Repository": "CRAN",
      "Hash": "53c27113461e8abbe2dc7125e22b2a39"
    },
    "stringi": {
      "Package": "stringi",
      "Version": "1.5.3",
      "Source": "Repository",
      "Repository": "CRAN",
      "Hash": "a063ebea753c92910a4cca7b18bc1f05"
    },
    "stringr": {
      "Package": "stringr",
      "Version": "1.4.0",
      "Source": "Repository",
      "Repository": "CRAN",
      "Hash": "0759e6b6c0957edb1311028a49a35e76"
    },
    "survey": {
      "Package": "survey",
      "Version": "4.0",
      "Source": "Repository",
      "Repository": "CRAN",
      "Hash": "c1108185333d7187ebd17f033b942ecb"
    },
    "survival": {
      "Package": "survival",
      "Version": "3.2-10",
      "Source": "Repository",
      "Repository": "CRAN",
      "Hash": "6b7453cd9bb32b12577c78d54eeea56a"
    },
    "tibble": {
      "Package": "tibble",
      "Version": "3.1.0",
      "Source": "Repository",
      "Repository": "CRAN",
      "Hash": "4d894a114dbd4ecafeda5074e7c538e6"
    },
    "tidyr": {
      "Package": "tidyr",
      "Version": "1.1.3",
      "Source": "Repository",
      "Repository": "CRAN",
      "Hash": "450d7dfaedde58e28586b854eeece4fa"
    },
    "tidyselect": {
      "Package": "tidyselect",
      "Version": "1.1.0",
      "Source": "Repository",
      "Repository": "CRAN",
      "Hash": "6ea435c354e8448819627cf686f66e0a"
    },
    "tinytex": {
      "Package": "tinytex",
      "Version": "0.30",
      "Source": "Repository",
      "Repository": "CRAN",
      "Hash": "066f49a225dc3215cb1f32bc23535f88"
    },
    "truncreg": {
      "Package": "truncreg",
      "Version": "0.2-5",
      "Source": "Repository",
      "Repository": "CRAN",
      "Hash": "a6136f040369c004ed21c796cd7777c5"
    },
    "ucminf": {
      "Package": "ucminf",
      "Version": "1.1-4",
      "Source": "Repository",
      "Repository": "CRAN",
      "Hash": "69e1652d6f6d036bb4951610c1cd17a0"
    },
    "unmarked": {
      "Package": "unmarked",
      "Version": "1.0.1",
      "Source": "Repository",
      "Repository": "CRAN",
      "Hash": "c357b86faab8556f269251d86cff2664"
    },
    "utf8": {
      "Package": "utf8",
      "Version": "1.2.1",
      "Source": "Repository",
      "Repository": "CRAN",
      "Hash": "c3ad47dc6da0751f18ed53c4613e3ac7"
    },
    "vctrs": {
      "Package": "vctrs",
      "Version": "0.3.6",
      "Source": "Repository",
      "Repository": "CRAN",
      "Hash": "5cf1957f93076c19fdc81d01409d240b"
    },
    "viridisLite": {
      "Package": "viridisLite",
      "Version": "0.3.0",
      "Source": "Repository",
      "Repository": "CRAN",
      "Hash": "ce4f6271baa94776db692f1cb2055bee"
    },
    "withr": {
      "Package": "withr",
      "Version": "2.4.1",
      "Source": "Repository",
      "Repository": "CRAN",
      "Hash": "caf4781c674ffa549a4676d2d77b13cc"
    },
    "xfun": {
      "Package": "xfun",
      "Version": "0.22",
      "Source": "Repository",
      "Repository": "CRAN",
      "Hash": "eab2f8ba53809c321813e72ecbbd19ba"
    },
    "xtable": {
      "Package": "xtable",
      "Version": "1.8-4",
      "Source": "Repository",
      "Repository": "CRAN",
      "Hash": "b8acdf8af494d9ec19ccb2481a9b11c2"
    },
    "yaml": {
      "Package": "yaml",
      "Version": "2.2.1",
      "Source": "Repository",
      "Repository": "CRAN",
      "Hash": "2826c5d9efb0a88f657c7a679c7106db"
    },
    "zip": {
      "Package": "zip",
      "Version": "2.1.1",
      "Source": "Repository",
      "Repository": "CRAN",
      "Hash": "3bc8405c637d988801ec5ea88372d0c2"
    },
    "zoo": {
      "Package": "zoo",
      "Version": "1.8-9",
      "Source": "Repository",
      "Repository": "CRAN",
      "Hash": "035d1c7c12593038c26fb1c2fd40c4d2"
    }
  }
}
